github.com/BurntSushi/toml v1.6.0 h1:dRaEfpa2VI55EwlIW72hMRHdWouJeRF7TPYhI+AUQjk=
github.com/BurntSushi/toml v1.6.0/go.mod h1:ukJfTF/6rtPPRCnwkur4qwRxa8vTRFBF0uk2lLoLwho=
github.com/blakesmith/ar v0.0.0-20190502131153-809d4375e1fb h1:m935MPodAbYS46DG4pJSv7WO+VECIWUQ7OJYSoTrMh4=
github.com/blakesmith/ar v0.0.0-20190502131153-809d4375e1fb/go.mod h1:PkYb9DJNAwrSvRx5DYA+gUcOIgTGVMNkfSCbZM8cWpI=
github.com/carbon-os/environment v0.0.0-20260418015044-8f709b3803d5 h1:KU0tVuNY1WuknkD7UGj3PzRghQL3nnXtOJBUtarujg4=
github.com/carbon-os/environment v0.0.0-20260418015044-8f709b3803d5/go.mod h1:1lOQFS9cH/U+WVA2R6o6U1pfp7nrSqWqwVMMoUBmkdM=
github.com/ulikunitz/xz v0.5.15 h1:9DNdB5s+SgV3bQ2ApL10xRc35ck0DuIX/isZvIk+ubY=
github.com/ulikunitz/xz v0.5.15/go.mod h1:nbz6k7qbPmH4IRqmfOplQw/tblSgqTqBwxkY0oWt/14=
